
Microsoft Visual Studio Solution File, Format Version 12.00
# Visual Studio 15
VisualStudioVersion = 15.0.28307.539
MinimumVisualStudioVersion = 10.0.40219.1
Project("{FAE04EC0-301F-11D3-BF4B-00C04F79EFBC}") = "Chain-Of-Responsibility", "Chain-Of-Responsibility\Chain-Of-Responsibility.csproj", "{FFC6A63E-FC98-4B07-9637-18E05130BB67}"
EndProject
Global
	GlobalSection(SolutionConfigurationPlatforms) = preSolution
		Debug|Any CPU = Debug|Any CPU
		Release|Any CPU = Release|Any CPU
	EndGlobalSection
	GlobalSection(ProjectConfigurationPlatforms) = postSolution
		{FFC6A63E-FC98-4B07-9637-18E05130BB67}.Debug|Any CPU.ActiveCfg = Debug|Any CPU
		{FFC6A63E-FC98-4B07-9637-18E05130BB67}.Debug|Any CPU.Build.0 = Debug|Any CPU
		{FFC6A63E-FC98-4B07-9637-18E05130BB67}.Release|Any CPU.ActiveCfg = Release|Any CPU
		{FFC6A63E-FC98-4B07-9637-18E05130BB67}.Release|Any CPU.Build.0 = Release|Any CPU
	EndGlobalSection
	GlobalSection(SolutionProperties) = preSolution
		HideSolutionNode = FALSE
	EndGlobalSection
	GlobalSection(ExtensibilityGlobals) = postSolution
		SolutionGuid = {9AC1A020-02A5-4CC5-B644-46069F94E914}
	EndGlobalSection
EndGlobal
